// !$*UTF8*$!
{
	archiveVersion = 1;
	classes = {
	};
	objectVersion = 46;
	objects = {

/* Begin PBXBuildFile section */
		7407A66B1B2049F300F226DD /* AppDelegate.swift in Sources */ = {isa = PBXBuildFile; fileRef = 7407A66A1B2049F300F226DD /* AppDelegate.swift */; };
		7407A66D1B2049F300F226DD /* ViewController.swift in Sources */ = {isa = PBXBuildFile; fileRef = 7407A66C1B2049F300F226DD /* ViewController.swift */; };
		7407A6701B2049F300F226DD /* Main.storyboard in Resources */ = {isa = PBXBuildFile; fileRef = 7407A66E1B2049F300F226DD /* Main.storyboard */; };
		7407A6721B2049F300F226DD /* Images.xcassets in Resources */ = {isa = PBXBuildFile; fileRef = 7407A6711B2049F300F226DD /* Images.xcassets */; };
		7407A6751B2049F300F226DD /* LaunchScreen.xib in Resources */ = {isa = PBXBuildFile; fileRef = 7407A6731B2049F300F226DD /* LaunchScreen.xib */; };
		7407A6811B2049F300F226DD /* PostCardTests.swift in Sources */ = {isa = PBXBuildFile; fileRef = 7407A6801B2049F300F226DD /* PostCardTests.swift */; };
/* End PBXBuildFile section */

/* Begin PBXContainerItemProxy section */
		7407A67B1B2049F300F226DD /* PBXContainerItemProxy */ = {
			isa = PBXContainerItemProxy;
			containerPortal = 7407A65D1B2049F300F226DD /* Project object */;
			proxyType = 1;
			remoteGlobalIDString = 7407A6641B2049F300F226DD;
			remoteInfo = PostCard;
		};
/* End PBXContainerItemProxy section */

/* Begin PBXFileReference section */
		7407A6651B2049F300F226DD /* PostCard.app */ = {isa = PBXFileReference; explicitFileType = wrapper.application; includeInIndex = 0; path = PostCard.app; sourceTree = BUILT_PRODUCTS_DIR; };
		7407A6691B2049F300F226DD /* Info.plist */ = {isa = PBXFileReference; lastKnownFileType = text.plist.xml; path = Info.plist; sourceTree = "<group>"; };
		7407A66A1B2049F300F226DD /* AppDelegate.swift */ = {isa = PBXFileReference; lastKnownFileType = sourcecode.swift; path = AppDelegate.swift; sourceTree = "<group>"; };
		7407A66C1B2049F300F226DD /* ViewController.swift */ = {isa = PBXFileReference; lastKnownFileType = sourcecode.swift; path = ViewController.swift; sourceTree = "<group>"; };
		7407A66F1B2049F300F226DD /* Base */ = {isa = PBXFileReference; lastKnownFileType = file.storyboard; name = Base; path = Base.lproj/Main.storyboard; sourceTree = "<group>"; };
		7407A6711B2049F300F226DD /* Images.xcassets */ = {isa = PBXFileReference; lastKnownFileType = folder.assetcatalog; path = Images.xcassets; sourceTree = "<group>"; };
		7407A6741B2049F300F226DD /* Base */ = {isa = PBXFileReference; lastKnownFileType = file.xib; name = Base; path = Base.lproj/LaunchScreen.xib; sourceTree = "<group>"; };
		7407A67A1B2049F300F226DD /* PostCardTests.xctest */ = {isa = PBXFileReference; explicitFileType = wrapper.cfbundle; includeInIndex = 0; path = PostCardTests.xctest; sourceTree = BUILT_PRODUCTS_DIR; };
		7407A67F1B2049F300F226DD /* Info.plist */ = {isa = PBXFileReference; lastKnownFileType = text.plist.xml; path = Info.plist; sourceTree = "<group>"; };
		7407A6801B2049F300F226DD /* PostCardTests.swift */ = {isa = PBXFileReference; lastKnownFileType = sourcecode.swift; path = PostCardTests.swift; sourceTree = "<group>"; };
/* End PBXFileReference section */

/* Begin PBXFrameworksBuildPhase section */
		7407A6621B2049F300F226DD /* Frameworks */ = {
			isa = PBXFrameworksBuildPhase;
			buildActionMask = 2147483647;
			files = (
			);
			runOnlyForDeploymentPostprocessing = 0;
		};
		7407A6771B2049F300F226DD /* Frameworks */ = {
			isa = PBXFrameworksBuildPhase;
			buildActionMask = 2147483647;
			files = (
			);
			runOnlyForDeploymentPostprocessing = 0;
		};
/* End PBXFrameworksBuildPhase section */

/* Begin PBXGroup section */
		7407A65C1B2049F300F226DD = {
			isa = PBXGroup;
			children = (
				7407A6671B2049F300F226DD /* PostCard */,
				7407A67D1B2049F300F226DD /* PostCardTests */,
				7407A6661B2049F300F226DD /* Products */,
			);
			sourceTree = "<group>";
		};
		7407A6661B2049F300F226DD /* Products */ = {
			isa = PBXGroup;
			children = (
				7407A6651B2049F300F226DD /* PostCard.app */,
				7407A67A1B2049F300F226DD /* PostCardTests.xctest */,
			);
			name = Products;
			sourceTree = "<group>";
		};
		7407A6671B2049F300F226DD /* PostCard */ = {
			isa = PBXGroup;
			children = (
				7407A66A1B2049F300F226DD /* AppDelegate.swift */,
				7407A66C1B2049F300F226DD /* ViewController.swift */,
				7407A66E1B2049F300F226DD /* Main.storyboard */,
				7407A6711B2049F300F226DD /* Images.xcassets */,
				7407A6731B2049F300F226DD /* LaunchScreen.xib */,
				7407A6681B2049F300F226DD /* Supporting Files */,
			);
			path = PostCard;
			sourceTree = "<group>";
		};
		7407A6681B2049F300F226DD /* Supporting Files */ = {
			isa = PBXGroup;
			children = (
				7407A6691B2049F300F226DD /* Info.plist */,
			);
			name = "Supporting Files";
			sourceTree = "<group>";
		};
		7407A67D1B2049F300F226DD /* PostCardTests */ = {
			isa = PBXGroup;
			children = (
				7407A6801B2049F300F226DD /* PostCardTests.swift */,
				7407A67E1B2049F300F226DD /* Supporting Files */,
			);
			path = PostCardTests;
			sourceTree = "<group>";
		};
		7407A67E1B2049F300F226DD /* Supporting Files */ = {
			isa = PBXGroup;
			children = (
				7407A67F1B2049F300F226DD /* Info.plist */,
			);
			name = "Supporting Files";
			sourceTree = "<group>";
		};
/* End PBXGroup section */

/* Begin PBXNativeTarget section */
		7407A6641B2049F300F226DD /* PostCard */ = {
			isa = PBXNativeTarget;
			buildConfigurationList = 7407A6841B2049F300F226DD /* Build configuration list for PBXNativeTarget "PostCard" */;
			buildPhases = (
				7407A6611B2049F300F226DD /* Sources */,
				7407A6621B2049F300F226DD /* Frameworks */,
				7407A6631B2049F300F226DD /* Resources */,
			);
			buildRules = (
			);
			dependencies = (
			);
			name = PostCard;
			productName = PostCard;
			productReference = 7407A6651B2049F300F226DD /* PostCard.app */;
			productType = "com.apple.product-type.application";
		};
		7407A6791B2049F300F226DD /* PostCardTests */ = {
			isa = PBXNativeTarget;
			buildConfigurationList = 7407A6871B2049F300F226DD /* Build configuration list for PBXNativeTarget "PostCardTests" */;
			buildPhases = (
				7407A6761B2049F300F226DD /* Sources */,
				7407A6771B2049F300F226DD /* Frameworks */,
				7407A6781B2049F300F226DD /* Resources */,
			);
			buildRules = (
			);
			dependencies = (
				7407A67C1B2049F300F226DD /* PBXTargetDependency */,
			);
			name = PostCardTests;
			productName = PostCardTests;
			productReference = 7407A67A1B2049F300F226DD /* PostCardTests.xctest */;
			productType = "com.apple.product-type.bundle.unit-test";
		};
/* End PBXNativeTarget section */

/* Begin PBXProject section */
		7407A65D1B2049F300F226DD /* Project object */ = {
			isa = PBXProject;
			attributes = {
				LastUpgradeCheck = 0630;
				ORGANIZATIONNAME = "Reyad Elsarrag";
				TargetAttributes = {
					7407A6641B2049F300F226DD = {
						CreatedOnToolsVersion = 6.3.2;
					};
					7407A6791B2049F300F226DD = {
						CreatedOnToolsVersion = 6.3.2;
						TestTargetID = 7407A6641B2049F300F226DD;
					};
				};
			};
			buildConfigurationList = 7407A6601B2049F300F226DD /* Build configuration list for PBXProject "PostCard" */;
			compatibilityVersion = "Xcode 3.2";
			developmentRegion = English;
			hasScannedForEncodings = 0;
			knownRegions = (
				en,
				Base,
			);
			mainGroup = 7407A65C1B2049F300F226DD;
			productRefGroup = 7407A6661B2049F300F226DD /* Products */;
			projectDirPath = "";
			projectRoot = "";
			targets = (
				7407A6641B2049F300F226DD /* PostCard */,
				7407A6791B2049F300F226DD /* PostCardTests */,
			);
		};
/* End PBXProject section */

/* Begin PBXResourcesBuildPhase section */
		7407A6631B2049F300F226DD /* Resources */ = {
			isa = PBXResourcesBuildPhase;
			buildActionMask = 2147483647;
			files = (
				7407A6701B2049F300F226DD /* Main.storyboard in Resources */,
				7407A6751B2049F300F226DD /* LaunchScreen.xib in Resources */,
				7407A6721B2049F300F226DD /* Images.xcassets in Resources */,
			);
			runOnlyForDeploymentPostprocessing = 0;
		};
		7407A6781B2049F300F226DD /* Resources */ = {
			isa = PBXResourcesBuildPhase;
			buildActionMask = 2147483647;
			files = (
			);
			runOnlyForDeploymentPostprocessing = 0;
		};
/* End PBXResourcesBuildPhase section */

/* Begin PBXSourcesBuildPhase section */
		7407A6611B2049F300F226DD /* Sources */ = {
			isa = PBXSourcesBuildPhase;
			buildActionMask = 2147483647;
			files = (
				7407A66D1B2049F300F226DD /* ViewController.swift in Sources */,
				7407A66B1B2049F300F226DD /* AppDelegate.swift in Sources */,
			);
			runOnlyForDeploymentPostprocessing = 0;
		};
		7407A6761B2049F300F226DD /* Sources */ = {
			isa = PBXSourcesBuildPhase;
			buildActionMask = 2147483647;
			files = (
				7407A6811B2049F300F226DD /* PostCardTests.swift in Sources */,
			);
			runOnlyForDeploymentPostprocessing = 0;
		};
/* End PBXSourcesBuildPhase section */

/* Begin PBXTargetDependency section */
		7407A67C1B2049F300F226DD /* PBXTargetDependency */ = {
			isa = PBXTargetDependency;
			target = 7407A6641B2049F300F226DD /* PostCard */;
			targetProxy = 7407A67B1B2049F300F226DD /* PBXContainerItemProxy */;
		};
/* End PBXTargetDependency section */

/* Begin PBXVariantGroup section */
		7407A66E1B2049F300F226DD /* Main.storyboard */ = {
			isa = PBXVariantGroup;
			children = (
				7407A66F1B2049F300F226DD /* Base */,
			);
			name = Main.storyboard;
			sourceTree = "<group>";
		};
		7407A6731B2049F300F226DD /* LaunchScreen.xib */ = {
			isa = PBXVariantGroup;
			children = (
				7407A6741B2049F300F226DD /* Base */,
			);
			name = LaunchScreen.xib;
			sourceTree = "<group>";
		};
/* End PBXVariantGroup section */

/* Begin XCBuildConfiguration section */
		7407A6821B2049F300F226DD /* Debug */ = {
			isa = XCBuildConfiguration;
			buildSettings = {
				ALWAYS_SEARCH_USER_PATHS = NO;
				CLANG_CXX_LANGUAGE_STANDARD = "gnu++0x";
				CLANG_CXX_LIBRARY = "libc++";
				CLANG_ENABLE_MODULES = YES;
				CLANG_ENABLE_OBJC_ARC = YES;
				CLANG_WARN_BOOL_CONVERSION = YES;
				CLANG_WARN_CONSTANT_CONVERSION = YES;
				CLANG_WARN_DIRECT_OBJC_ISA_USAGE = YES_ERROR;
				CLANG_WARN_EMPTY_BODY = YES;
				CLANG_WARN_ENUM_CONVERSION = YES;
				CLANG_WARN_INT_CONVERSION = YES;
				CLANG_WARN_OBJC_ROOT_CLASS = YES_ERROR;
				CLANG_WARN_UNREACHABLE_CODE = YES;
				CLANG_WARN__DUPLICATE_METHOD_MATCH = YES;
				"CODE_SIGN_IDENTITY[sdk=iphoneos*]" = "iPhone Developer";
				COPY_PHASE_STRIP = NO;
				DEBUG_INFORMATION_FORMAT = "dwarf-with-dsym";
				ENABLE_STRICT_OBJC_MSGSEND = YES;
				GCC_C_LANGUAGE_STANDARD = gnu99;
				GCC_DYNAMIC_NO_PIC = NO;
				GCC_NO_COMMON_BLOCKS = YES;
				GCC_OPTIMIZATION_LEVEL = 0;
				GCC_PREPROCESSOR_DEFINITIONS = (
					"DEBUG=1",
					"$(inherited)",
				);
				GCC_SYMBOLS_PRIVATE_EXTERN = NO;
				GCC_WARN_64_TO_32_BIT_CONVERSION = YES;
				GCC_WARN_ABOUT_RETURN_TYPE = YES_ERROR;
				GCC_WARN_UNDECLARED_SELECTOR = YES;
				GCC_WARN_UNINITIALIZED_AUTOS = YES_AGGRESSIVE;
				GCC_WARN_UNUSED_FUNCTION = YES;
				GCC_WARN_UNUSED_VARIABLE = YES;
				IPHONEOS_DEPLOYMENT_TARGET = 8.3;
				MTL_ENABLE_DEBUG_INFO = YES;
				ONLY_ACTIVE_ARCH = YES;
				SDKROOT = iphoneos;
				SWIFT_OPTIMIZATION_LEVEL = "-Onone";
				TARGETED_DEVICE_FAMILY = "1,2";
			};
			name = Debug;
		};
		7407A6831B2049F300F226DD /* Release */ = {
			isa = XCBuildConfiguration;
			buildSettings = {
				ALWAYS_SEARCH_USER_PATHS = NO;
				CLANG_CXX_LANGUAGE_STANDARD = "gnu++0x";
				CLANG_CXX_LIBRARY = "libc++";
				CLANG_ENABLE_MODULES = YES;
				CLANG_ENABLE_OBJC_ARC = YES;
				CLANG_WARN_BOOL_CONVERSION = YES;
				CLANG_WARN_CONSTANT_CONVERSION = YES;
				CLANG_WARN_DIRECT_OBJC_ISA_USAGE = YES_ERROR;
				CLANG_WARN_EMPTY_BODY = YES;
				CLANG_WARN_ENUM_CONVERSION = YES;
				CLANG_WARN_INT_CONVERSION = YES;
				CLANG_WARN_OBJC_ROOT_CLASS = YES_ERROR;
				CLANG_WARN_UNREACHABLE_CODE = YES;
				CLANG_WARN__DUPLICATE_METHOD_MATCH = YES;
				"CODE_SIGN_IDENTITY[sdk=iphoneos*]" = "iPhone Developer";
				COPY_PHASE_STRIP = NO;
				DEBUG_INFORMATION_FORMAT = "dwarf-with-dsym";
				ENABLE_NS_ASSERTIONS = NO;
				ENABLE_STRICT_OBJC_MSGSEND = YES;
				GCC_C_LANGUAGE_STANDARD = gnu99;
				GCC_NO_COMMON_BLOCKS = YES;
				GCC_WARN_64_TO_32_BIT_CONVERSION = YES;
				GCC_WARN_ABOUT_RETURN_TYPE = YES_ERROR;
				GCC_WARN_UNDECLARED_SELECTOR = YES;
				GCC_WARN_UNINITIALIZED_AUTOS = YES_AGGRESSIVE;
				GCC_WARN_UNUSED_FUNCTION = YES;
				GCC_WARN_UNUSED_VARIABLE = YES;
				IPHONEOS_DEPLOYMENT_TARGET = 8.3;
				MTL_ENABLE_DEBUG_INFO = NO;
				SDKROOT = iphoneos;
				TARGETED_DEVICE_FAMILY = "1,2";
				VALIDATE_PRODUCT = YES;
			};
			name = Release;
		};
		7407A6851B2049F300F226DD /* Debug */ = {
			isa = XCBuildConfiguration;
			buildSettings = {
				ASSETCATALOG_COMPILER_APPICON_NAME = AppIcon;
				INFOPLIST_FILE = PostCard/Info.plist;
				LD_RUNPATH_SEARCH_PATHS = "$(inherited) @executable_path/Frameworks";
				PRODUCT_NAME = "$(TARGET_NAME)";
			};
			name = Debug;
		};
		7407A6861B2049F300F226DD /* Release */ = {
			isa = XCBuildConfiguration;
			buildSettings = {
				ASSETCATALOG_COMPILER_APPICON_NAME = AppIcon;
				INFOPLIST_FILE = PostCard/Info.plist;
				LD_RUNPATH_SEARCH_PATHS = "$(inherited) @executable_path/Frameworks";
				PRODUCT_NAME = "$(TARGET_NAME)";
			};
			name = Release;
		};
		7407A6881B2049F300F226DD /* Debug */ = {
			isa = XCBuildConfiguration;
			buildSettings = {
				BUNDLE_LOADER = "$(TEST_HOST)";
				FRAMEWORK_SEARCH_PATHS = (
					"$(SDKROOT)/Developer/Library/Frameworks",
					"$(inherited)",
				);
				GCC_PREPROCESSOR_DEFINITIONS = (
					"DEBUG=1",
					"$(inherited)",
				);
				INFOPLIST_FILE = PostCardTests/Info.plist;
				LD_RUNPATH_SEARCH_PATHS = "$(inherited) @executable_path/Frameworks @loader_path/Frameworks";
				PRODUCT_NAME = "$(TARGET_NAME)";
				TEST_HOST = "$(BUILT_PRODUCTS_DIR)/PostCard.app/PostCard";
			};
			name = Debug;
		};
		7407A6891B2049F300F226DD /* Release */ = {
			isa = XCBuildConfiguration;
			buildSettings = {
				BUNDLE_LOADER = "$(TEST_HOST)";
				FRAMEWORK_SEARCH_PATHS = (
					"$(SDKROOT)/Developer/Library/Frameworks",
					"$(inherited)",
				);
				INFOPLIST_FILE = PostCardTests/Info.plist;
				LD_RUNPATH_SEARCH_PATHS = "$(inherited) @executable_path/Frameworks @loader_path/Frameworks";
				PRODUCT_NAME = "$(TARGET_NAME)";
				TEST_HOST = "$(BUILT_PRODUCTS_DIR)/PostCard.app/PostCard";
			};
			name = Release;
		};
/* End XCBuildConfiguration section */

/* Begin XCConfigurationList section */
		7407A6601B2049F300F226DD /* Build configuration list for PBXProject "PostCard" */ = {
			isa = XCConfigurationList;
			buildConfigurations = (
				7407A6821B2049F300F226DD /* Debug */,
				7407A6831B2049F300F226DD /* Release */,
			);
			defaultConfigurationIsVisible = 0;
			defaultConfigurationName = Release;
		};
		7407A6841B2049F300F226DD /* Build configuration list for PBXNativeTarget "PostCard" */ = {
			isa = XCConfigurationList;
			buildConfigurations = (
				7407A6851B2049F300F226DD /* Debug */,
				7407A6861B2049F300F226DD /* Release */,
			);
			defaultConfigurationIsVisible = 0;
		};
		7407A6871B2049F300F226DD /* Build configuration list for PBXNativeTarget "PostCardTests" */ = {
			isa = XCConfigurationList;
			buildConfigurations = (
				7407A6881B2049F300F226DD /* Debug */,
				7407A6891B2049F300F226DD /* Release */,
			);
			defaultConfigurationIsVisible = 0;
		};
/* End XCConfigurationList section */
	};
	rootObject = 7407A65D1B2049F300F226DD /* Project object */;
}
